
Microsoft Visual Studio Solution File, Format Version 12.00
# Visual Studio Version 17
VisualStudioVersion = 17.14.36202.13 d17.14
MinimumVisualStudioVersion = 10.0.40219.1
Project("{FAE04EC0-301F-11D3-BF4B-00C04F79EFBC}") = "CrudNet8MVC", "CrudNet8MVC\CrudNet8MVC.csproj", "{FE1595C9-FBDE-4024-8F5C-834B653D526E}"
EndProject
Global
	GlobalSection(SolutionConfigurationPlatforms) = preSolution
		Debug|Any CPU = Debug|Any CPU
		Release|Any CPU = Release|Any CPU
	EndGlobalSection
	GlobalSection(ProjectConfigurationPlatforms) = postSolution
		{FE1595C9-FBDE-4024-8F5C-834B653D526E}.Debug|Any CPU.ActiveCfg = Debug|Any CPU
		{FE1595C9-FBDE-4024-8F5C-834B653D526E}.Debug|Any CPU.Build.0 = Debug|Any CPU
		{FE1595C9-FBDE-4024-8F5C-834B653D526E}.Release|Any CPU.ActiveCfg = Release|Any CPU
		{FE1595C9-FBDE-4024-8F5C-834B653D526E}.Release|Any CPU.Build.0 = Release|Any CPU
	EndGlobalSection
	GlobalSection(SolutionProperties) = preSolution
		HideSolutionNode = FALSE
	EndGlobalSection
	GlobalSection(ExtensibilityGlobals) = postSolution
		SolutionGuid = {92AB1879-ABD1-4B4F-970C-E63D826F5510}
	EndGlobalSection
EndGlobal
